
Microsoft Visual Studio Solution File, Format Version 12.00
# Visual Studio Version 17
VisualStudioVersion = 17.14.36429.23 d17.14
MinimumVisualStudioVersion = 10.0.40219.1
Project("{FAE04EC0-301F-11D3-BF4B-00C04F79EFBC}") = "SistemaGestionBiblioteca", "SistemaGestionBiblioteca.csproj", "{CAB0AE4E-9793-4E8A-99CB-2A6C07AD474E}"
EndProject
Global
	GlobalSection(SolutionConfigurationPlatforms) = preSolution
		Debug|Any CPU = Debug|Any CPU
		Release|Any CPU = Release|Any CPU
	EndGlobalSection
	GlobalSection(ProjectConfigurationPlatforms) = postSolution
		{CAB0AE4E-9793-4E8A-99CB-2A6C07AD474E}.Debug|Any CPU.ActiveCfg = Debug|Any CPU
		{CAB0AE4E-9793-4E8A-99CB-2A6C07AD474E}.Debug|Any CPU.Build.0 = Debug|Any CPU
		{CAB0AE4E-9793-4E8A-99CB-2A6C07AD474E}.Release|Any CPU.ActiveCfg = Release|Any CPU
		{CAB0AE4E-9793-4E8A-99CB-2A6C07AD474E}.Release|Any CPU.Build.0 = Release|Any CPU
	EndGlobalSection
	GlobalSection(SolutionProperties) = preSolution
		HideSolutionNode = FALSE
	EndGlobalSection
	GlobalSection(ExtensibilityGlobals) = postSolution
		SolutionGuid = {2EFC10B0-6CAD-4E62-B3EF-CA8AC816849E}
	EndGlobalSection
EndGlobal
